
Microsoft Visual Studio Solution File, Format Version 12.00
# Visual Studio Version 17
VisualStudioVersion = 17.6.33801.468
MinimumVisualStudioVersion = 10.0.40219.1
Project("{FAE04EC0-301F-11D3-BF4B-00C04F79EFBC}") = "RWrd", "RWrd\RWrd.csproj", "{01F4170E-B8DE-401D-ABF5-11693E25A300}"
EndProject
Global
	GlobalSection(SolutionConfigurationPlatforms) = preSolution
		Debug|Any CPU = Debug|Any CPU
		Release|Any CPU = Release|Any CPU
	EndGlobalSection
	GlobalSection(ProjectConfigurationPlatforms) = postSolution
		{01F4170E-B8DE-401D-ABF5-11693E25A300}.Debug|Any CPU.ActiveCfg = Debug|Any CPU
		{01F4170E-B8DE-401D-ABF5-11693E25A300}.Debug|Any CPU.Build.0 = Debug|Any CPU
		{01F4170E-B8DE-401D-ABF5-11693E25A300}.Release|Any CPU.ActiveCfg = Release|Any CPU
		{01F4170E-B8DE-401D-ABF5-11693E25A300}.Release|Any CPU.Build.0 = Release|Any CPU
	EndGlobalSection
	GlobalSection(SolutionProperties) = preSolution
		HideSolutionNode = FALSE
	EndGlobalSection
	GlobalSection(ExtensibilityGlobals) = postSolution
		SolutionGuid = {5692D674-E340-4942-B876-20775ED76C34}
	EndGlobalSection
EndGlobal
